
Microsoft Visual Studio Solution File, Format Version 12.00
# Visual Studio Version 16
VisualStudioVersion = 16.0.31005.135
MinimumVisualStudioVersion = 10.0.40219.1
Project("{FAE04EC0-301F-11D3-BF4B-00C04F79EFBC}") = "ASCIIConvertor", "ASCIIConvertor\ASCIIConvertor.csproj", "{0768A432-3892-4310-8B7B-03B460ED366D}"
EndProject
Global
	GlobalSection(SolutionConfigurationPlatforms) = preSolution
		Debug|Any CPU = Debug|Any CPU
		Release|Any CPU = Release|Any CPU
	EndGlobalSection
	GlobalSection(ProjectConfigurationPlatforms) = postSolution
		{0768A432-3892-4310-8B7B-03B460ED366D}.Debug|Any CPU.ActiveCfg = Debug|Any CPU
		{0768A432-3892-4310-8B7B-03B460ED366D}.Debug|Any CPU.Build.0 = Debug|Any CPU
		{0768A432-3892-4310-8B7B-03B460ED366D}.Release|Any CPU.ActiveCfg = Release|Any CPU
		{0768A432-3892-4310-8B7B-03B460ED366D}.Release|Any CPU.Build.0 = Release|Any CPU
	EndGlobalSection
	GlobalSection(SolutionProperties) = preSolution
		HideSolutionNode = FALSE
	EndGlobalSection
	GlobalSection(ExtensibilityGlobals) = postSolution
		SolutionGuid = {2E4B107A-5674-4B89-BF5A-39CB311CA73A}
	EndGlobalSection
EndGlobal
